
Microsoft Visual Studio Solution File, Format Version 12.00
# Visual Studio Version 16
VisualStudioVersion = 16.0.32413.511
MinimumVisualStudioVersion = 10.0.40219.1
Project("{FAE04EC0-301F-11D3-BF4B-00C04F79EFBC}") = "WebApplication1", "WebApplication1\WebApplication1.csproj", "{C5D70C41-3221-411F-ADD0-F11DC55ADFEE}"
EndProject
Global
	GlobalSection(SolutionConfigurationPlatforms) = preSolution
		Debug|Any CPU = Debug|Any CPU
		Release|Any CPU = Release|Any CPU
	EndGlobalSection
	GlobalSection(ProjectConfigurationPlatforms) = postSolution
		{C5D70C41-3221-411F-ADD0-F11DC55ADFEE}.Debug|Any CPU.ActiveCfg = Debug|Any CPU
		{C5D70C41-3221-411F-ADD0-F11DC55ADFEE}.Debug|Any CPU.Build.0 = Debug|Any CPU
		{C5D70C41-3221-411F-ADD0-F11DC55ADFEE}.Release|Any CPU.ActiveCfg = Release|Any CPU
		{C5D70C41-3221-411F-ADD0-F11DC55ADFEE}.Release|Any CPU.Build.0 = Release|Any CPU
	EndGlobalSection
	GlobalSection(SolutionProperties) = preSolution
		HideSolutionNode = FALSE
	EndGlobalSection
	GlobalSection(ExtensibilityGlobals) = postSolution
		SolutionGuid = {50341F4F-C0C3-483D-BCE6-7ECDDAB13356}
	EndGlobalSection
EndGlobal
